
Microsoft Visual Studio Solution File, Format Version 12.00
# Visual Studio 15
VisualStudioVersion = 15.0.28307.136
MinimumVisualStudioVersion = 10.0.40219.1
Project("{FAE04EC0-301F-11D3-BF4B-00C04F79EFBC}") = "Student managment system", "Student managment system\Student managment system.csproj", "{B03EB53F-97FA-48F3-A41D-BF9B53EB4628}"
EndProject
Global
	GlobalSection(SolutionConfigurationPlatforms) = preSolution
		Debug|Any CPU = Debug|Any CPU
		Release|Any CPU = Release|Any CPU
	EndGlobalSection
	GlobalSection(ProjectConfigurationPlatforms) = postSolution
		{B03EB53F-97FA-48F3-A41D-BF9B53EB4628}.Debug|Any CPU.ActiveCfg = Debug|Any CPU
		{B03EB53F-97FA-48F3-A41D-BF9B53EB4628}.Debug|Any CPU.Build.0 = Debug|Any CPU
		{B03EB53F-97FA-48F3-A41D-BF9B53EB4628}.Release|Any CPU.ActiveCfg = Release|Any CPU
		{B03EB53F-97FA-48F3-A41D-BF9B53EB4628}.Release|Any CPU.Build.0 = Release|Any CPU
	EndGlobalSection
	GlobalSection(SolutionProperties) = preSolution
		HideSolutionNode = FALSE
	EndGlobalSection
	GlobalSection(ExtensibilityGlobals) = postSolution
		SolutionGuid = {94DE3C1F-9732-4271-B35D-E7F54F28AB05}
	EndGlobalSection
EndGlobal
